
Microsoft Visual Studio Solution File, Format Version 12.00
# Visual Studio Version 17
VisualStudioVersion = 17.4.33103.184
MinimumVisualStudioVersion = 10.0.40219.1
Project("{FAE04EC0-301F-11D3-BF4B-00C04F79EFBC}") = "ScreenRulerApp", "ScreenRulerApp\ScreenRulerApp.csproj", "{D1027B0B-60D3-4A09-8C51-BAB3122F28CC}"
EndProject
Global
	GlobalSection(SolutionConfigurationPlatforms) = preSolution
		Debug|Any CPU = Debug|Any CPU
		Release|Any CPU = Release|Any CPU
	EndGlobalSection
	GlobalSection(ProjectConfigurationPlatforms) = postSolution
		{D1027B0B-60D3-4A09-8C51-BAB3122F28CC}.Debug|Any CPU.ActiveCfg = Debug|Any CPU
		{D1027B0B-60D3-4A09-8C51-BAB3122F28CC}.Debug|Any CPU.Build.0 = Debug|Any CPU
		{D1027B0B-60D3-4A09-8C51-BAB3122F28CC}.Release|Any CPU.ActiveCfg = Release|Any CPU
		{D1027B0B-60D3-4A09-8C51-BAB3122F28CC}.Release|Any CPU.Build.0 = Release|Any CPU
	EndGlobalSection
	GlobalSection(SolutionProperties) = preSolution
		HideSolutionNode = FALSE
	EndGlobalSection
	GlobalSection(ExtensibilityGlobals) = postSolution
		SolutionGuid = {0A9D5A4E-5119-466F-A6AA-E27B279FFA90}
	EndGlobalSection
EndGlobal
